
Microsoft Visual Studio Solution File, Format Version 12.00
# Visual Studio Version 17
VisualStudioVersion = 17.5.002.0
MinimumVisualStudioVersion = 10.0.40219.1
Project("{9A19103F-16F7-4668-BE54-9A1E7A4F7556}") = "app", "app\app.csproj", "{72A8304A-5E9F-4CAB-BDE2-32ACFF24FA85}"
EndProject
Global
	GlobalSection(SolutionConfigurationPlatforms) = preSolution
		Debug|Any CPU = Debug|Any CPU
		Release|Any CPU = Release|Any CPU
	EndGlobalSection
	GlobalSection(ProjectConfigurationPlatforms) = postSolution
		{72A8304A-5E9F-4CAB-BDE2-32ACFF24FA85}.Debug|Any CPU.ActiveCfg = Debug|Any CPU
		{72A8304A-5E9F-4CAB-BDE2-32ACFF24FA85}.Debug|Any CPU.Build.0 = Debug|Any CPU
		{72A8304A-5E9F-4CAB-BDE2-32ACFF24FA85}.Release|Any CPU.ActiveCfg = Release|Any CPU
		{72A8304A-5E9F-4CAB-BDE2-32ACFF24FA85}.Release|Any CPU.Build.0 = Release|Any CPU
	EndGlobalSection
	GlobalSection(SolutionProperties) = preSolution
		HideSolutionNode = FALSE
	EndGlobalSection
	GlobalSection(ExtensibilityGlobals) = postSolution
		SolutionGuid = {2F6ACC79-3059-4FFA-9859-1D8033E957F5}
	EndGlobalSection
EndGlobal
